
Microsoft Visual Studio Solution File, Format Version 12.00
# Visual Studio 2017
Project("{FAE04EC0-301F-11D3-BF4B-00C04F79EFBC}") = "유니티_현예슬_20180225", "유니티_현예슬_20180225.csproj", "{06B5B446-5E12-53C5-EB6A-7E1CA5ADF148}"
EndProject
Global
	GlobalSection(SolutionConfigurationPlatforms) = preSolution
		Debug|Any CPU = Debug|Any CPU
		Release|Any CPU = Release|Any CPU
	EndGlobalSection
	GlobalSection(ProjectConfigurationPlatforms) = postSolution
		{06B5B446-5E12-53C5-EB6A-7E1CA5ADF148}.Debug|Any CPU.ActiveCfg = Debug|Any CPU
		{06B5B446-5E12-53C5-EB6A-7E1CA5ADF148}.Debug|Any CPU.Build.0 = Debug|Any CPU
		{06B5B446-5E12-53C5-EB6A-7E1CA5ADF148}.Release|Any CPU.ActiveCfg = Release|Any CPU
		{06B5B446-5E12-53C5-EB6A-7E1CA5ADF148}.Release|Any CPU.Build.0 = Release|Any CPU
	EndGlobalSection
	GlobalSection(SolutionProperties) = preSolution
		HideSolutionNode = FALSE
	EndGlobalSection
EndGlobal
